
Microsoft Visual Studio Solution File, Format Version 12.00
# Visual Studio 15
VisualStudioVersion = 15.0.26730.12
MinimumVisualStudioVersion = 10.0.40219.1
Project("{8BC9CEB8-8B4A-11D0-8D11-00A0C91BC942}") = "CaaeSudoku", "CaaeSudoku\CaaeSudoku.vcxproj", "{B9CB6BD7-E293-40FD-9F26-2A20CF113C11}"
EndProject
Project("{8BC9CEB8-8B4A-11D0-8D11-00A0C91BC942}") = "UnitTest1", "UnitTest1\UnitTest1.vcxproj", "{D0885A98-BA13-470B-ACC6-097911C02FD5}"
EndProject
Global
	GlobalSection(SolutionConfigurationPlatforms) = preSolution
		Debug|x64 = Debug|x64
		Debug|x86 = Debug|x86
		Release|x64 = Release|x64
		Release|x86 = Release|x86
	EndGlobalSection
	GlobalSection(ProjectConfigurationPlatforms) = postSolution
		{B9CB6BD7-E293-40FD-9F26-2A20CF113C11}.Debug|x64.ActiveCfg = Debug|x64
		{B9CB6BD7-E293-40FD-9F26-2A20CF113C11}.Debug|x64.Build.0 = Debug|x64
		{B9CB6BD7-E293-40FD-9F26-2A20CF113C11}.Debug|x86.ActiveCfg = Debug|Win32
		{B9CB6BD7-E293-40FD-9F26-2A20CF113C11}.Debug|x86.Build.0 = Debug|Win32
		{B9CB6BD7-E293-40FD-9F26-2A20CF113C11}.Release|x64.ActiveCfg = Release|x64
		{B9CB6BD7-E293-40FD-9F26-2A20CF113C11}.Release|x64.Build.0 = Release|x64
		{B9CB6BD7-E293-40FD-9F26-2A20CF113C11}.Release|x86.ActiveCfg = Release|Win32
		{B9CB6BD7-E293-40FD-9F26-2A20CF113C11}.Release|x86.Build.0 = Release|Win32
		{D0885A98-BA13-470B-ACC6-097911C02FD5}.Debug|x64.ActiveCfg = Debug|x64
		{D0885A98-BA13-470B-ACC6-097911C02FD5}.Debug|x64.Build.0 = Debug|x64
		{D0885A98-BA13-470B-ACC6-097911C02FD5}.Debug|x86.ActiveCfg = Debug|Win32
		{D0885A98-BA13-470B-ACC6-097911C02FD5}.Debug|x86.Build.0 = Debug|Win32
		{D0885A98-BA13-470B-ACC6-097911C02FD5}.Release|x64.ActiveCfg = Release|x64
		{D0885A98-BA13-470B-ACC6-097911C02FD5}.Release|x64.Build.0 = Release|x64
		{D0885A98-BA13-470B-ACC6-097911C02FD5}.Release|x86.ActiveCfg = Release|Win32
		{D0885A98-BA13-470B-ACC6-097911C02FD5}.Release|x86.Build.0 = Release|Win32
	EndGlobalSection
	GlobalSection(SolutionProperties) = preSolution
		HideSolutionNode = FALSE
	EndGlobalSection
	GlobalSection(ExtensibilityGlobals) = postSolution
		SolutionGuid = {BBD37CC4-137C-4090-B155-4DFC5F798552}
	EndGlobalSection
EndGlobal
